
Microsoft Visual Studio Solution File, Format Version 12.00
# Visual Studio Version 16
VisualStudioVersion = 16.0.29519.181
MinimumVisualStudioVersion = 10.0.40219.1
Project("{FAE04EC0-301F-11D3-BF4B-00C04F79EFBC}") = "MulticlassSample", "MulticlassSample\MulticlassSample.csproj", "{F9667542-18BC-47BA-8C9C-68D69EA7C16A}"
EndProject
Global
	GlobalSection(SolutionConfigurationPlatforms) = preSolution
		Debug|Any CPU = Debug|Any CPU
		Debug|x64 = Debug|x64
		Release|Any CPU = Release|Any CPU
		Release|x64 = Release|x64
	EndGlobalSection
	GlobalSection(ProjectConfigurationPlatforms) = postSolution
		{F9667542-18BC-47BA-8C9C-68D69EA7C16A}.Debug|Any CPU.ActiveCfg = Debug|Any CPU
		{F9667542-18BC-47BA-8C9C-68D69EA7C16A}.Debug|Any CPU.Build.0 = Debug|Any CPU
		{F9667542-18BC-47BA-8C9C-68D69EA7C16A}.Debug|x64.ActiveCfg = Debug|x64
		{F9667542-18BC-47BA-8C9C-68D69EA7C16A}.Debug|x64.Build.0 = Debug|x64
		{F9667542-18BC-47BA-8C9C-68D69EA7C16A}.Release|Any CPU.ActiveCfg = Release|Any CPU
		{F9667542-18BC-47BA-8C9C-68D69EA7C16A}.Release|Any CPU.Build.0 = Release|Any CPU
		{F9667542-18BC-47BA-8C9C-68D69EA7C16A}.Release|x64.ActiveCfg = Release|x64
		{F9667542-18BC-47BA-8C9C-68D69EA7C16A}.Release|x64.Build.0 = Release|x64
	EndGlobalSection
	GlobalSection(SolutionProperties) = preSolution
		HideSolutionNode = FALSE
	EndGlobalSection
	GlobalSection(ExtensibilityGlobals) = postSolution
		SolutionGuid = {0560C468-7C2A-412C-8A45-9DA003343A17}
	EndGlobalSection
EndGlobal
